{
  "name": "ts-demo",
  "version": "1.0.0",
  "lockfileVersion": 1,
  "requires": true,
  "dependencies": {
    "@types/requirejs": {
      "version": "2.1.32",
      "resolved": "https://siemens.jfrog.io/artifactory/api/npm/energy-dev-npm/@types/requirejs/-/@types/requirejs-2.1.32.tgz",
      "integrity": "sha1-yTah9LCPCovBCjgNe4N8z5E31Lk="
    }
  }
}
